
Microsoft Visual Studio Solution File, Format Version 12.00
# Visual Studio Version 17
VisualStudioVersion = 17.14.36301.6 d17.14
MinimumVisualStudioVersion = 10.0.40219.1
Project("{FAE04EC0-301F-11D3-BF4B-00C04F79EFBC}") = "Byway.CourseManagement.Algoriza.API", "Byway.CourseManagement.Algoriza.API\Byway.CourseManagement.Algoriza.API.csproj", "{73D549F1-8487-42EF-8DA8-3C0F5129DD61}"
EndProject
Project("{2150E333-8FDC-42A3-9474-1A3956D46DE8}") = "Core", "Core", "{02EA681E-C7D8-13C7-8484-4AC65E1B71E8}"
EndProject
Project("{2150E333-8FDC-42A3-9474-1A3956D46DE8}") = "External", "External", "{17C6FD21-0FAE-4724-B45D-EF5929DAC29E}"
EndProject
Project("{FAE04EC0-301F-11D3-BF4B-00C04F79EFBC}") = "Byway.Domain", "Byway.Domain\Byway.Domain.csproj", "{735A2BFD-7468-4E09-9D25-CFD5E21EBAD2}"
EndProject
Project("{FAE04EC0-301F-11D3-BF4B-00C04F79EFBC}") = "Byway.Application", "Byway.Application\Byway.Application.csproj", "{EF327C2F-5543-406B-8B77-96C58B125D03}"
EndProject
Project("{FAE04EC0-301F-11D3-BF4B-00C04F79EFBC}") = "Byway.Infrastructure", "Byway.Infrastructure\Byway.Infrastructure.csproj", "{E801FADF-FD1D-41A4-B2D2-86AD5142B4A6}"
EndProject
Global
	GlobalSection(SolutionConfigurationPlatforms) = preSolution
		Debug|Any CPU = Debug|Any CPU
		Release|Any CPU = Release|Any CPU
	EndGlobalSection
	GlobalSection(ProjectConfigurationPlatforms) = postSolution
		{73D549F1-8487-42EF-8DA8-3C0F5129DD61}.Debug|Any CPU.ActiveCfg = Debug|Any CPU
		{73D549F1-8487-42EF-8DA8-3C0F5129DD61}.Debug|Any CPU.Build.0 = Debug|Any CPU
		{73D549F1-8487-42EF-8DA8-3C0F5129DD61}.Release|Any CPU.ActiveCfg = Release|Any CPU
		{73D549F1-8487-42EF-8DA8-3C0F5129DD61}.Release|Any CPU.Build.0 = Release|Any CPU
		{735A2BFD-7468-4E09-9D25-CFD5E21EBAD2}.Debug|Any CPU.ActiveCfg = Debug|Any CPU
		{735A2BFD-7468-4E09-9D25-CFD5E21EBAD2}.Debug|Any CPU.Build.0 = Debug|Any CPU
		{735A2BFD-7468-4E09-9D25-CFD5E21EBAD2}.Release|Any CPU.ActiveCfg = Release|Any CPU
		{735A2BFD-7468-4E09-9D25-CFD5E21EBAD2}.Release|Any CPU.Build.0 = Release|Any CPU
		{EF327C2F-5543-406B-8B77-96C58B125D03}.Debug|Any CPU.ActiveCfg = Debug|Any CPU
		{EF327C2F-5543-406B-8B77-96C58B125D03}.Debug|Any CPU.Build.0 = Debug|Any CPU
		{EF327C2F-5543-406B-8B77-96C58B125D03}.Release|Any CPU.ActiveCfg = Release|Any CPU
		{EF327C2F-5543-406B-8B77-96C58B125D03}.Release|Any CPU.Build.0 = Release|Any CPU
		{E801FADF-FD1D-41A4-B2D2-86AD5142B4A6}.Debug|Any CPU.ActiveCfg = Debug|Any CPU
		{E801FADF-FD1D-41A4-B2D2-86AD5142B4A6}.Debug|Any CPU.Build.0 = Debug|Any CPU
		{E801FADF-FD1D-41A4-B2D2-86AD5142B4A6}.Release|Any CPU.ActiveCfg = Release|Any CPU
		{E801FADF-FD1D-41A4-B2D2-86AD5142B4A6}.Release|Any CPU.Build.0 = Release|Any CPU
	EndGlobalSection
	GlobalSection(SolutionProperties) = preSolution
		HideSolutionNode = FALSE
	EndGlobalSection
	GlobalSection(NestedProjects) = preSolution
		{73D549F1-8487-42EF-8DA8-3C0F5129DD61} = {17C6FD21-0FAE-4724-B45D-EF5929DAC29E}
		{735A2BFD-7468-4E09-9D25-CFD5E21EBAD2} = {02EA681E-C7D8-13C7-8484-4AC65E1B71E8}
		{EF327C2F-5543-406B-8B77-96C58B125D03} = {02EA681E-C7D8-13C7-8484-4AC65E1B71E8}
		{E801FADF-FD1D-41A4-B2D2-86AD5142B4A6} = {17C6FD21-0FAE-4724-B45D-EF5929DAC29E}
	EndGlobalSection
	GlobalSection(ExtensibilityGlobals) = postSolution
		SolutionGuid = {674C0EE7-2AAC-4211-A180-6F039B216BF5}
	EndGlobalSection
EndGlobal
